
Microsoft Visual Studio Solution File, Format Version 12.00
# Visual Studio Version 17
VisualStudioVersion = 17.0.31903.59
MinimumVisualStudioVersion = 10.0.40219.1
Project("{2150E333-8FDC-42A3-9474-1A3956D46DE8}") = "src", "src", "{B09E21B4-7629-456C-AA6C-201226EA9E51}"
EndProject
Project("{FAE04EC0-301F-11D3-BF4B-00C04F79EFBC}") = "Longevity.Domain", "src\Longevity.Domain\Longevity.Domain.csproj", "{DB52E1EE-7BE7-4583-9449-44C321531764}"
EndProject
Project("{FAE04EC0-301F-11D3-BF4B-00C04F79EFBC}") = "Longevity.Application", "src\Longevity.Application\Longevity.Application.csproj", "{C4CDB576-F814-47E2-8CA8-E6C7B078793C}"
EndProject
Project("{FAE04EC0-301F-11D3-BF4B-00C04F79EFBC}") = "Longevity.Infrastructure", "src\Longevity.Infrastructure\Longevity.Infrastructure.csproj", "{455696A2-E33A-46EA-AA03-FA5C24DD253D}"
EndProject
Project("{FAE04EC0-301F-11D3-BF4B-00C04F79EFBC}") = "Longevity.Api", "src\Longevity.Api\Longevity.Api.csproj", "{9B1E56F5-3724-43B4-BF43-5A7F0A26BCE8}"
EndProject
Project("{2150E333-8FDC-42A3-9474-1A3956D46DE8}") = "tests", "tests", "{EF5C9BAD-5BB5-493D-898B-C5A455AFC369}"
EndProject
Project("{FAE04EC0-301F-11D3-BF4B-00C04F79EFBC}") = "Longevity.UnitTests", "tests\Longevity.UnitTests\Longevity.UnitTests.csproj", "{5C5DDC4F-48F7-4FAE-85A5-05570FD85CB5}"
EndProject
Global
	GlobalSection(SolutionConfigurationPlatforms) = preSolution
		Debug|Any CPU = Debug|Any CPU
		Release|Any CPU = Release|Any CPU
	EndGlobalSection
	GlobalSection(SolutionProperties) = preSolution
		HideSolutionNode = FALSE
	EndGlobalSection
	GlobalSection(ProjectConfigurationPlatforms) = postSolution
		{DB52E1EE-7BE7-4583-9449-44C321531764}.Debug|Any CPU.ActiveCfg = Debug|Any CPU
		{DB52E1EE-7BE7-4583-9449-44C321531764}.Debug|Any CPU.Build.0 = Debug|Any CPU
		{DB52E1EE-7BE7-4583-9449-44C321531764}.Release|Any CPU.ActiveCfg = Release|Any CPU
		{DB52E1EE-7BE7-4583-9449-44C321531764}.Release|Any CPU.Build.0 = Release|Any CPU
		{C4CDB576-F814-47E2-8CA8-E6C7B078793C}.Debug|Any CPU.ActiveCfg = Debug|Any CPU
		{C4CDB576-F814-47E2-8CA8-E6C7B078793C}.Debug|Any CPU.Build.0 = Debug|Any CPU
		{C4CDB576-F814-47E2-8CA8-E6C7B078793C}.Release|Any CPU.ActiveCfg = Release|Any CPU
		{C4CDB576-F814-47E2-8CA8-E6C7B078793C}.Release|Any CPU.Build.0 = Release|Any CPU
		{455696A2-E33A-46EA-AA03-FA5C24DD253D}.Debug|Any CPU.ActiveCfg = Debug|Any CPU
		{455696A2-E33A-46EA-AA03-FA5C24DD253D}.Debug|Any CPU.Build.0 = Debug|Any CPU
		{455696A2-E33A-46EA-AA03-FA5C24DD253D}.Release|Any CPU.ActiveCfg = Release|Any CPU
		{455696A2-E33A-46EA-AA03-FA5C24DD253D}.Release|Any CPU.Build.0 = Release|Any CPU
		{9B1E56F5-3724-43B4-BF43-5A7F0A26BCE8}.Debug|Any CPU.ActiveCfg = Debug|Any CPU
		{9B1E56F5-3724-43B4-BF43-5A7F0A26BCE8}.Debug|Any CPU.Build.0 = Debug|Any CPU
		{9B1E56F5-3724-43B4-BF43-5A7F0A26BCE8}.Release|Any CPU.ActiveCfg = Release|Any CPU
		{9B1E56F5-3724-43B4-BF43-5A7F0A26BCE8}.Release|Any CPU.Build.0 = Release|Any CPU
		{5C5DDC4F-48F7-4FAE-85A5-05570FD85CB5}.Debug|Any CPU.ActiveCfg = Debug|Any CPU
		{5C5DDC4F-48F7-4FAE-85A5-05570FD85CB5}.Debug|Any CPU.Build.0 = Debug|Any CPU
		{5C5DDC4F-48F7-4FAE-85A5-05570FD85CB5}.Release|Any CPU.ActiveCfg = Release|Any CPU
		{5C5DDC4F-48F7-4FAE-85A5-05570FD85CB5}.Release|Any CPU.Build.0 = Release|Any CPU
	EndGlobalSection
	GlobalSection(NestedProjects) = preSolution
		{DB52E1EE-7BE7-4583-9449-44C321531764} = {B09E21B4-7629-456C-AA6C-201226EA9E51}
		{C4CDB576-F814-47E2-8CA8-E6C7B078793C} = {B09E21B4-7629-456C-AA6C-201226EA9E51}
		{455696A2-E33A-46EA-AA03-FA5C24DD253D} = {B09E21B4-7629-456C-AA6C-201226EA9E51}
		{9B1E56F5-3724-43B4-BF43-5A7F0A26BCE8} = {B09E21B4-7629-456C-AA6C-201226EA9E51}
		{5C5DDC4F-48F7-4FAE-85A5-05570FD85CB5} = {EF5C9BAD-5BB5-493D-898B-C5A455AFC369}
	EndGlobalSection
EndGlobal
